
Microsoft Visual Studio Solution File, Format Version 12.00
# Visual Studio Version 16
VisualStudioVersion = 16.0.810.11
MinimumVisualStudioVersion = 10.0.40219.1
Project("{FAE04EC0-301F-11D3-BF4B-00C04F79EFBC}") = "gama-xp-test", "gama-xp-test\gama-xp-test.csproj", "{C82AE6A0-B48C-4233-97B8-0A97AEAB7F21}"
EndProject
Global
	GlobalSection(SolutionConfigurationPlatforms) = preSolution
		Debug|Any CPU = Debug|Any CPU
		Release|Any CPU = Release|Any CPU
	EndGlobalSection
	GlobalSection(ProjectConfigurationPlatforms) = postSolution
		{C82AE6A0-B48C-4233-97B8-0A97AEAB7F21}.Debug|Any CPU.ActiveCfg = Debug|Any CPU
		{C82AE6A0-B48C-4233-97B8-0A97AEAB7F21}.Debug|Any CPU.Build.0 = Debug|Any CPU
		{C82AE6A0-B48C-4233-97B8-0A97AEAB7F21}.Release|Any CPU.ActiveCfg = Release|Any CPU
		{C82AE6A0-B48C-4233-97B8-0A97AEAB7F21}.Release|Any CPU.Build.0 = Release|Any CPU
	EndGlobalSection
	GlobalSection(SolutionProperties) = preSolution
		HideSolutionNode = FALSE
	EndGlobalSection
	GlobalSection(ExtensibilityGlobals) = postSolution
		SolutionGuid = {C6E532B1-12DB-4269-85DA-F46580F8DBE5}
	EndGlobalSection
EndGlobal
